<?xml version="1.0" encoding="utf-8"?>
<Project ToolsVersion="4.0" xmlns="http://schemas.microsoft.com/developer/msbuild/2003">
  <ItemGroup>
    <Filter Include="win32">
      <UniqueIdentifier>{84a8ebd7-7cf0-47f6-b75e-d441df67da40}</UniqueIdentifier>
    </Filter>
    <Filter Include="Classes">
      <UniqueIdentifier>{bb6c862e-70e9-49d9-81b7-3829a6f50471}</UniqueIdentifier>
    </Filter>
    <Filter Include="Classes\Scenes">
      <UniqueIdentifier>{e319c2d5-f3ba-494a-97b9-44264fedd038}</UniqueIdentifier>
    </Filter>
    <Filter Include="Classes\Resources">
      <UniqueIdentifier>{7f85431b-de26-4437-9d1c-c2281f6e41e6}</UniqueIdentifier>
    </Filter>
    <Filter Include="Classes\Library">
      <UniqueIdentifier>{a084dd91-1d2c-497c-97c2-daeb910f76a7}</UniqueIdentifier>
    </Filter>
    <Filter Include="Classes\Components">
      <UniqueIdentifier>{ee8a5efb-0e7e-45c1-9045-7ea568aac194}</UniqueIdentifier>
    </Filter>
    <Filter Include="Classes\Extra">
      <UniqueIdentifier>{c36b078f-c399-47c5-a0d7-5b895041f703}</UniqueIdentifier>
    </Filter>
    <Filter Include="Classes\Scenes\Game">
      <UniqueIdentifier>{e552f81a-e3f5-4f2b-90ee-fb43b81d8508}</UniqueIdentifier>
    </Filter>
    <Filter Include="Classes\Scenes\Main">
      <UniqueIdentifier>{0f4bbd76-ceb3-4e5d-aeeb-2d2f7f1ac331}</UniqueIdentifier>
    </Filter>
    <Filter Include="Classes\Scenes\Start">
      <UniqueIdentifier>{49ef5ab9-be71-4ab2-aa01-2b865c7d66d7}</UniqueIdentifier>
    </Filter>
    <Filter Include="Classes\Util">
      <UniqueIdentifier>{db334c9c-9d3e-4146-9a23-82c7f366dde1}</UniqueIdentifier>
    </Filter>
  </ItemGroup>
  <ItemGroup>
    <ClCompile Include="main.cpp">
      <Filter>win32</Filter>
    </ClCompile>
    <ClCompile Include="..\Classes\AppDelegate.cpp">
      <Filter>Classes</Filter>
    </ClCompile>
    <ClCompile Include="..\Classes\HelloWorldScene.cpp">
      <Filter>Classes</Filter>
    </ClCompile>
    <ClCompile Include="..\Classes\Resources\Resource.cpp">
      <Filter>Classes\Resources</Filter>
    </ClCompile>
    <ClCompile Include="..\Classes\Library\Serializer.cpp">
      <Filter>Classes\Library</Filter>
    </ClCompile>
    <ClCompile Include="..\Classes\Components\Player.cpp">
      <Filter>Classes\Components</Filter>
    </ClCompile>
    <ClCompile Include="..\Classes\Components\User.cpp">
      <Filter>Classes\Components</Filter>
    </ClCompile>
    <ClCompile Include="..\Classes\Scenes\MainScene.cpp">
      <Filter>Classes\Scenes\Main</Filter>
    </ClCompile>
    <ClCompile Include="..\Classes\Scenes\StartScene.cpp">
      <Filter>Classes\Scenes\Start</Filter>
    </ClCompile>
    <ClCompile Include="..\Classes\Scenes\Game\GameScene.cpp">
      <Filter>Classes\Scenes\Game</Filter>
    </ClCompile>
    <ClCompile Include="..\Classes\Util\Util.cpp">
      <Filter>Classes\Util</Filter>
    </ClCompile>
  </ItemGroup>
  <ItemGroup>
    <ClInclude Include="main.h">
      <Filter>win32</Filter>
    </ClInclude>
    <ClInclude Include="..\Classes\AppDelegate.h">
      <Filter>Classes</Filter>
    </ClInclude>
    <ClInclude Include="..\Classes\HelloWorldScene.h">
      <Filter>Classes</Filter>
    </ClInclude>
    <ClInclude Include="..\Classes\AppMacros.h">
      <Filter>Classes</Filter>
    </ClInclude>
    <ClInclude Include="..\Classes\Resources\Resource.h">
      <Filter>Classes\Resources</Filter>
    </ClInclude>
    <ClInclude Include="..\Classes\Library\Serializer.h">
      <Filter>Classes\Library</Filter>
    </ClInclude>
    <ClInclude Include="..\Classes\Components\Player.h">
      <Filter>Classes\Components</Filter>
    </ClInclude>
    <ClInclude Include="..\Classes\Components\User.h">
      <Filter>Classes\Components</Filter>
    </ClInclude>
    <ClInclude Include="..\Classes\Extra\Temporary.h">
      <Filter>Classes\Extra</Filter>
    </ClInclude>
    <ClInclude Include="..\Classes\Scenes\MainScene.h">
      <Filter>Classes\Scenes\Main</Filter>
    </ClInclude>
    <ClInclude Include="..\Classes\Scenes\StartScene.h">
      <Filter>Classes\Scenes\Start</Filter>
    </ClInclude>
    <ClInclude Include="..\Classes\Scenes\Game\GameScene.h">
      <Filter>Classes\Scenes\Game</Filter>
    </ClInclude>
    <ClInclude Include="..\Classes\Util\Util.h">
      <Filter>Classes\Util</Filter>
    </ClInclude>
  </ItemGroup>
</Project>